
Microsoft Visual Studio Solution File, Format Version 12.00
# Visual Studio Version 16
VisualStudioVersion = 16.0.30225.117
MinimumVisualStudioVersion = 10.0.40219.1
Project("{FAE04EC0-301F-11D3-BF4B-00C04F79EFBC}") = "RaceCarSpeed", "RaceCarSpeed\RaceCarSpeed.csproj", "{2FEA34A4-E357-41E3-88AE-31079B618CF8}"
EndProject
Global
	GlobalSection(SolutionConfigurationPlatforms) = preSolution
		Debug|Any CPU = Debug|Any CPU
		Release|Any CPU = Release|Any CPU
	EndGlobalSection
	GlobalSection(ProjectConfigurationPlatforms) = postSolution
		{2FEA34A4-E357-41E3-88AE-31079B618CF8}.Debug|Any CPU.ActiveCfg = Debug|Any CPU
		{2FEA34A4-E357-41E3-88AE-31079B618CF8}.Debug|Any CPU.Build.0 = Debug|Any CPU
		{2FEA34A4-E357-41E3-88AE-31079B618CF8}.Release|Any CPU.ActiveCfg = Release|Any CPU
		{2FEA34A4-E357-41E3-88AE-31079B618CF8}.Release|Any CPU.Build.0 = Release|Any CPU
	EndGlobalSection
	GlobalSection(SolutionProperties) = preSolution
		HideSolutionNode = FALSE
	EndGlobalSection
	GlobalSection(ExtensibilityGlobals) = postSolution
		SolutionGuid = {7F58A60E-8C35-47E0-BBE0-6E8082B610B1}
	EndGlobalSection
EndGlobal
